// !$*UTF8*$!
{
	archiveVersion = 1;
	classes = {
	};
	objectVersion = 46;
	objects = {

/* Begin PBXBuildFile section */
		1DAA6D781E51CBE200BE0C48 /* TableViewCell.swift in Sources */ = {isa = PBXBuildFile; fileRef = 1DAA6D771E51CBE200BE0C48 /* TableViewCell.swift */; };
		1DAA6D7A1E51DAD900BE0C48 /* CollectionViewCell.swift in Sources */ = {isa = PBXBuildFile; fileRef = 1DAA6D791E51DAD900BE0C48 /* CollectionViewCell.swift */; };
		1DAA6D7C1E51DF9700BE0C48 /* CollectionClass.swift in Sources */ = {isa = PBXBuildFile; fileRef = 1DAA6D7B1E51DF9700BE0C48 /* CollectionClass.swift */; };
		1DAA6D7E1E51DFA600BE0C48 /* TableClass.swift in Sources */ = {isa = PBXBuildFile; fileRef = 1DAA6D7D1E51DFA600BE0C48 /* TableClass.swift */; };
		1DB5F7FA1E54A72D0008B199 /* SenderTableViewCell.swift in Sources */ = {isa = PBXBuildFile; fileRef = 1DB5F7F91E54A72D0008B199 /* SenderTableViewCell.swift */; };
		1DB5F7FC1E54A7500008B199 /* ReceiverTableViewCell.swift in Sources */ = {isa = PBXBuildFile; fileRef = 1DB5F7FB1E54A7500008B199 /* ReceiverTableViewCell.swift */; };
		1DB7FA111E51C67F009CDF58 /* AppDelegate.swift in Sources */ = {isa = PBXBuildFile; fileRef = 1DB7FA101E51C67F009CDF58 /* AppDelegate.swift */; };
		1DB7FA131E51C67F009CDF58 /* ViewController.swift in Sources */ = {isa = PBXBuildFile; fileRef = 1DB7FA121E51C67F009CDF58 /* ViewController.swift */; };
		1DB7FA161E51C67F009CDF58 /* Main.storyboard in Resources */ = {isa = PBXBuildFile; fileRef = 1DB7FA141E51C67F009CDF58 /* Main.storyboard */; };
		1DB7FA191E51C67F009CDF58 /* whatsappTask.xcdatamodeld in Sources */ = {isa = PBXBuildFile; fileRef = 1DB7FA171E51C67F009CDF58 /* whatsappTask.xcdatamodeld */; };
		1DB7FA1B1E51C67F009CDF58 /* Assets.xcassets in Resources */ = {isa = PBXBuildFile; fileRef = 1DB7FA1A1E51C67F009CDF58 /* Assets.xcassets */; };
		1DB7FA1E1E51C67F009CDF58 /* LaunchScreen.storyboard in Resources */ = {isa = PBXBuildFile; fileRef = 1DB7FA1C1E51C67F009CDF58 /* LaunchScreen.storyboard */; };
		1DBAE0721E52D60700C9A71D /* ChatViewController.swift in Sources */ = {isa = PBXBuildFile; fileRef = 1DBAE0711E52D60700C9A71D /* ChatViewController.swift */; };
		1DBAE0741E52EC8400C9A71D /* ChatTableViewCell.swift in Sources */ = {isa = PBXBuildFile; fileRef = 1DBAE0731E52EC8400C9A71D /* ChatTableViewCell.swift */; };
		1DBAE0761E530E4200C9A71D /* MoreTableViewCell.swift in Sources */ = {isa = PBXBuildFile; fileRef = 1DBAE0751E530E4200C9A71D /* MoreTableViewCell.swift */; };
		1DBAE0781E531C2200C9A71D /* LabelClass.swift in Sources */ = {isa = PBXBuildFile; fileRef = 1DBAE0771E531C2200C9A71D /* LabelClass.swift */; };
		6867355324F6E30F349C744B /* Pods_whatsappTask.framework in Frameworks */ = {isa = PBXBuildFile; fileRef = 03A44F47BDC2BB7A1E59A0D5 /* Pods_whatsappTask.framework */; };
/* End PBXBuildFile section */

/* Begin PBXFileReference section */
		03A44F47BDC2BB7A1E59A0D5 /* Pods_whatsappTask.framework */ = {isa = PBXFileReference; explicitFileType = wrapper.framework; includeInIndex = 0; path = Pods_whatsappTask.framework; sourceTree = BUILT_PRODUCTS_DIR; };
		1DAA6D771E51CBE200BE0C48 /* TableViewCell.swift */ = {isa = PBXFileReference; fileEncoding = 4; lastKnownFileType = sourcecode.swift; path = TableViewCell.swift; sourceTree = "<group>"; };
		1DAA6D791E51DAD900BE0C48 /* CollectionViewCell.swift */ = {isa = PBXFileReference; fileEncoding = 4; lastKnownFileType = sourcecode.swift; path = CollectionViewCell.swift; sourceTree = "<group>"; };
		1DAA6D7B1E51DF9700BE0C48 /* CollectionClass.swift */ = {isa = PBXFileReference; fileEncoding = 4; lastKnownFileType = sourcecode.swift; path = CollectionClass.swift; sourceTree = "<group>"; };
		1DAA6D7D1E51DFA600BE0C48 /* TableClass.swift */ = {isa = PBXFileReference; fileEncoding = 4; lastKnownFileType = sourcecode.swift; path = TableClass.swift; sourceTree = "<group>"; };
		1DB5F7F91E54A72D0008B199 /* SenderTableViewCell.swift */ = {isa = PBXFileReference; fileEncoding = 4; lastKnownFileType = sourcecode.swift; path = SenderTableViewCell.swift; sourceTree = "<group>"; };
		1DB5F7FB1E54A7500008B199 /* ReceiverTableViewCell.swift */ = {isa = PBXFileReference; fileEncoding = 4; lastKnownFileType = sourcecode.swift; path = ReceiverTableViewCell.swift; sourceTree = "<group>"; };
		1DB7FA0D1E51C67F009CDF58 /* whatsappTask.app */ = {isa = PBXFileReference; explicitFileType = wrapper.application; includeInIndex = 0; path = whatsappTask.app; sourceTree = BUILT_PRODUCTS_DIR; };
		1DB7FA101E51C67F009CDF58 /* AppDelegate.swift */ = {isa = PBXFileReference; lastKnownFileType = sourcecode.swift; path = AppDelegate.swift; sourceTree = "<group>"; };
		1DB7FA121E51C67F009CDF58 /* ViewController.swift */ = {isa = PBXFileReference; lastKnownFileType = sourcecode.swift; path = ViewController.swift; sourceTree = "<group>"; };
		1DB7FA151E51C67F009CDF58 /* Base */ = {isa = PBXFileReference; lastKnownFileType = file.storyboard; name = Base; path = Base.lproj/Main.storyboard; sourceTree = "<group>"; };
		1DB7FA181E51C67F009CDF58 /* whatsappTask.xcdatamodel */ = {isa = PBXFileReference; lastKnownFileType = wrapper.xcdatamodel; path = whatsappTask.xcdatamodel; sourceTree = "<group>"; };
		1DB7FA1A1E51C67F009CDF58 /* Assets.xcassets */ = {isa = PBXFileReference; lastKnownFileType = folder.assetcatalog; path = Assets.xcassets; sourceTree = "<group>"; };
		1DB7FA1D1E51C67F009CDF58 /* Base */ = {isa = PBXFileReference; lastKnownFileType = file.storyboard; name = Base; path = Base.lproj/LaunchScreen.storyboard; sourceTree = "<group>"; };
		1DB7FA1F1E51C67F009CDF58 /* Info.plist */ = {isa = PBXFileReference; lastKnownFileType = text.plist.xml; path = Info.plist; sourceTree = "<group>"; };
		1DBAE0711E52D60700C9A71D /* ChatViewController.swift */ = {isa = PBXFileReference; fileEncoding = 4; lastKnownFileType = sourcecode.swift; path = ChatViewController.swift; sourceTree = "<group>"; };
		1DBAE0731E52EC8400C9A71D /* ChatTableViewCell.swift */ = {isa = PBXFileReference; fileEncoding = 4; lastKnownFileType = sourcecode.swift; path = ChatTableViewCell.swift; sourceTree = "<group>"; };
		1DBAE0751E530E4200C9A71D /* MoreTableViewCell.swift */ = {isa = PBXFileReference; fileEncoding = 4; lastKnownFileType = sourcecode.swift; path = MoreTableViewCell.swift; sourceTree = "<group>"; };
		1DBAE0771E531C2200C9A71D /* LabelClass.swift */ = {isa = PBXFileReference; fileEncoding = 4; lastKnownFileType = sourcecode.swift; path = LabelClass.swift; sourceTree = "<group>"; };
		66D5B17EFCEE6676A7E5D153 /* Pods-whatsappTask.debug.xcconfig */ = {isa = PBXFileReference; includeInIndex = 1; lastKnownFileType = text.xcconfig; name = "Pods-whatsappTask.debug.xcconfig"; path = "Pods/Target Support Files/Pods-whatsappTask/Pods-whatsappTask.debug.xcconfig"; sourceTree = "<group>"; };
		CC05645ED8B3AD1D5C1D6328 /* Pods-whatsappTask.release.xcconfig */ = {isa = PBXFileReference; includeInIndex = 1; lastKnownFileType = text.xcconfig; name = "Pods-whatsappTask.release.xcconfig"; path = "Pods/Target Support Files/Pods-whatsappTask/Pods-whatsappTask.release.xcconfig"; sourceTree = "<group>"; };
/* End PBXFileReference section */

/* Begin PBXFrameworksBuildPhase section */
		1DB7FA0A1E51C67F009CDF58 /* Frameworks */ = {
			isa = PBXFrameworksBuildPhase;
			buildActionMask = 2147483647;
			files = (
				6867355324F6E30F349C744B /* Pods_whatsappTask.framework in Frameworks */,
			);
			runOnlyForDeploymentPostprocessing = 0;
		};
/* End PBXFrameworksBuildPhase section */

/* Begin PBXGroup section */
		1DB7FA041E51C67F009CDF58 = {
			isa = PBXGroup;
			children = (
				1DB7FA0F1E51C67F009CDF58 /* whatsappTask */,
				1DB7FA0E1E51C67F009CDF58 /* Products */,
				EEB773656125B4935B3A8F7F /* Pods */,
				A6CA53C419395595CDC5D67A /* Frameworks */,
			);
			sourceTree = "<group>";
		};
		1DB7FA0E1E51C67F009CDF58 /* Products */ = {
			isa = PBXGroup;
			children = (
				1DB7FA0D1E51C67F009CDF58 /* whatsappTask.app */,
			);
			name = Products;
			sourceTree = "<group>";
		};
		1DB7FA0F1E51C67F009CDF58 /* whatsappTask */ = {
			isa = PBXGroup;
			children = (
				1DB7FA101E51C67F009CDF58 /* AppDelegate.swift */,
				1DBAE0771E531C2200C9A71D /* LabelClass.swift */,
				1DB7FA121E51C67F009CDF58 /* ViewController.swift */,
				1DBAE0711E52D60700C9A71D /* ChatViewController.swift */,
				1DB7FA141E51C67F009CDF58 /* Main.storyboard */,
				1DB7FA1A1E51C67F009CDF58 /* Assets.xcassets */,
				1DB7FA1C1E51C67F009CDF58 /* LaunchScreen.storyboard */,
				1DB7FA1F1E51C67F009CDF58 /* Info.plist */,
				1DB7FA171E51C67F009CDF58 /* whatsappTask.xcdatamodeld */,
				1DAA6D771E51CBE200BE0C48 /* TableViewCell.swift */,
				1DAA6D791E51DAD900BE0C48 /* CollectionViewCell.swift */,
				1DAA6D7B1E51DF9700BE0C48 /* CollectionClass.swift */,
				1DAA6D7D1E51DFA600BE0C48 /* TableClass.swift */,
				1DBAE0731E52EC8400C9A71D /* ChatTableViewCell.swift */,
				1DBAE0751E530E4200C9A71D /* MoreTableViewCell.swift */,
				1DB5F7F91E54A72D0008B199 /* SenderTableViewCell.swift */,
				1DB5F7FB1E54A7500008B199 /* ReceiverTableViewCell.swift */,
			);
			path = whatsappTask;
			sourceTree = "<group>";
		};
		A6CA53C419395595CDC5D67A /* Frameworks */ = {
			isa = PBXGroup;
			children = (
				03A44F47BDC2BB7A1E59A0D5 /* Pods_whatsappTask.framework */,
			);
			name = Frameworks;
			sourceTree = "<group>";
		};
		EEB773656125B4935B3A8F7F /* Pods */ = {
			isa = PBXGroup;
			children = (
				66D5B17EFCEE6676A7E5D153 /* Pods-whatsappTask.debug.xcconfig */,
				CC05645ED8B3AD1D5C1D6328 /* Pods-whatsappTask.release.xcconfig */,
			);
			name = Pods;
			sourceTree = "<group>";
		};
/* End PBXGroup section */

/* Begin PBXNativeTarget section */
		1DB7FA0C1E51C67F009CDF58 /* whatsappTask */ = {
			isa = PBXNativeTarget;
			buildConfigurationList = 1DB7FA221E51C67F009CDF58 /* Build configuration list for PBXNativeTarget "whatsappTask" */;
			buildPhases = (
				AAE662E974090C1177D4E74A /* [CP] Check Pods Manifest.lock */,
				1DB7FA091E51C67F009CDF58 /* Sources */,
				1DB7FA0A1E51C67F009CDF58 /* Frameworks */,
				1DB7FA0B1E51C67F009CDF58 /* Resources */,
				BD57321BD2CDFF05DD24E7D5 /* [CP] Embed Pods Frameworks */,
				F435B7483F0C00CC82FB83E5 /* [CP] Copy Pods Resources */,
			);
			buildRules = (
			);
			dependencies = (
			);
			name = whatsappTask;
			productName = whatsappTask;
			productReference = 1DB7FA0D1E51C67F009CDF58 /* whatsappTask.app */;
			productType = "com.apple.product-type.application";
		};
/* End PBXNativeTarget section */

/* Begin PBXProject section */
		1DB7FA051E51C67F009CDF58 /* Project object */ = {
			isa = PBXProject;
			attributes = {
				LastSwiftUpdateCheck = 0820;
				LastUpgradeCheck = 0820;
				ORGANIZATIONNAME = "Sierra 4";
				TargetAttributes = {
					1DB7FA0C1E51C67F009CDF58 = {
						CreatedOnToolsVersion = 8.2.1;
						ProvisioningStyle = Automatic;
					};
				};
			};
			buildConfigurationList = 1DB7FA081E51C67F009CDF58 /* Build configuration list for PBXProject "whatsappTask" */;
			compatibilityVersion = "Xcode 3.2";
			developmentRegion = English;
			hasScannedForEncodings = 0;
			knownRegions = (
				en,
				Base,
			);
			mainGroup = 1DB7FA041E51C67F009CDF58;
			productRefGroup = 1DB7FA0E1E51C67F009CDF58 /* Products */;
			projectDirPath = "";
			projectRoot = "";
			targets = (
				1DB7FA0C1E51C67F009CDF58 /* whatsappTask */,
			);
		};
/* End PBXProject section */

/* Begin PBXResourcesBuildPhase section */
		1DB7FA0B1E51C67F009CDF58 /* Resources */ = {
			isa = PBXResourcesBuildPhase;
			buildActionMask = 2147483647;
			files = (
				1DB7FA1E1E51C67F009CDF58 /* LaunchScreen.storyboard in Resources */,
				1DB7FA1B1E51C67F009CDF58 /* Assets.xcassets in Resources */,
				1DB7FA161E51C67F009CDF58 /* Main.storyboard in Resources */,
			);
			runOnlyForDeploymentPostprocessing = 0;
		};
/* End PBXResourcesBuildPhase section */

/* Begin PBXShellScriptBuildPhase section */
		AAE662E974090C1177D4E74A /* [CP] Check Pods Manifest.lock */ = {
			isa = PBXShellScriptBuildPhase;
			buildActionMask = 2147483647;
			files = (
			);
			inputPaths = (
			);
			name = "[CP] Check Pods Manifest.lock";
			outputPaths = (
			);
			runOnlyForDeploymentPostprocessing = 0;
			shellPath = /bin/sh;
			shellScript = "diff \"${PODS_ROOT}/../Podfile.lock\" \"${PODS_ROOT}/Manifest.lock\" > /dev/null\nif [ $? != 0 ] ; then\n    # print error to STDERR\n    echo \"error: The sandbox is not in sync with the Podfile.lock. Run 'pod install' or update your CocoaPods installation.\" >&2\n    exit 1\nfi\n";
			showEnvVarsInLog = 0;
		};
		BD57321BD2CDFF05DD24E7D5 /* [CP] Embed Pods Frameworks */ = {
			isa = PBXShellScriptBuildPhase;
			buildActionMask = 2147483647;
			files = (
			);
			inputPaths = (
			);
			name = "[CP] Embed Pods Frameworks";
			outputPaths = (
			);
			runOnlyForDeploymentPostprocessing = 0;
			shellPath = /bin/sh;
			shellScript = "\"${SRCROOT}/Pods/Target Support Files/Pods-whatsappTask/Pods-whatsappTask-frameworks.sh\"\n";
			showEnvVarsInLog = 0;
		};
		F435B7483F0C00CC82FB83E5 /* [CP] Copy Pods Resources */ = {
			isa = PBXShellScriptBuildPhase;
			buildActionMask = 2147483647;
			files = (
			);
			inputPaths = (
			);
			name = "[CP] Copy Pods Resources";
			outputPaths = (
			);
			runOnlyForDeploymentPostprocessing = 0;
			shellPath = /bin/sh;
			shellScript = "\"${SRCROOT}/Pods/Target Support Files/Pods-whatsappTask/Pods-whatsappTask-resources.sh\"\n";
			showEnvVarsInLog = 0;
		};
/* End PBXShellScriptBuildPhase section */

/* Begin PBXSourcesBuildPhase section */
		1DB7FA091E51C67F009CDF58 /* Sources */ = {
			isa = PBXSourcesBuildPhase;
			buildActionMask = 2147483647;
			files = (
				1DB5F7FA1E54A72D0008B199 /* SenderTableViewCell.swift in Sources */,
				1DAA6D7A1E51DAD900BE0C48 /* CollectionViewCell.swift in Sources */,
				1DB7FA191E51C67F009CDF58 /* whatsappTask.xcdatamodeld in Sources */,
				1DBAE0781E531C2200C9A71D /* LabelClass.swift in Sources */,
				1DBAE0721E52D60700C9A71D /* ChatViewController.swift in Sources */,
				1DBAE0741E52EC8400C9A71D /* ChatTableViewCell.swift in Sources */,
				1DAA6D7C1E51DF9700BE0C48 /* CollectionClass.swift in Sources */,
				1DAA6D781E51CBE200BE0C48 /* TableViewCell.swift in Sources */,
				1DBAE0761E530E4200C9A71D /* MoreTableViewCell.swift in Sources */,
				1DAA6D7E1E51DFA600BE0C48 /* TableClass.swift in Sources */,
				1DB7FA131E51C67F009CDF58 /* ViewController.swift in Sources */,
				1DB5F7FC1E54A7500008B199 /* ReceiverTableViewCell.swift in Sources */,
				1DB7FA111E51C67F009CDF58 /* AppDelegate.swift in Sources */,
			);
			runOnlyForDeploymentPostprocessing = 0;
		};
/* End PBXSourcesBuildPhase section */

/* Begin PBXVariantGroup section */
		1DB7FA141E51C67F009CDF58 /* Main.storyboard */ = {
			isa = PBXVariantGroup;
			children = (
				1DB7FA151E51C67F009CDF58 /* Base */,
			);
			name = Main.storyboard;
			sourceTree = "<group>";
		};
		1DB7FA1C1E51C67F009CDF58 /* LaunchScreen.storyboard */ = {
			isa = PBXVariantGroup;
			children = (
				1DB7FA1D1E51C67F009CDF58 /* Base */,
			);
			name = LaunchScreen.storyboard;
			sourceTree = "<group>";
		};
/* End PBXVariantGroup section */

/* Begin XCBuildConfiguration section */
		1DB7FA201E51C67F009CDF58 /* Debug */ = {
			isa = XCBuildConfiguration;
			buildSettings = {
				ALWAYS_SEARCH_USER_PATHS = NO;
				CLANG_ANALYZER_NONNULL = YES;
				CLANG_CXX_LANGUAGE_STANDARD = "gnu++0x";
				CLANG_CXX_LIBRARY = "libc++";
				CLANG_ENABLE_MODULES = YES;
				CLANG_ENABLE_OBJC_ARC = YES;
				CLANG_WARN_BOOL_CONVERSION = YES;
				CLANG_WARN_CONSTANT_CONVERSION = YES;
				CLANG_WARN_DIRECT_OBJC_ISA_USAGE = YES_ERROR;
				CLANG_WARN_DOCUMENTATION_COMMENTS = YES;
				CLANG_WARN_EMPTY_BODY = YES;
				CLANG_WARN_ENUM_CONVERSION = YES;
				CLANG_WARN_INFINITE_RECURSION = YES;
				CLANG_WARN_INT_CONVERSION = YES;
				CLANG_WARN_OBJC_ROOT_CLASS = YES_ERROR;
				CLANG_WARN_SUSPICIOUS_MOVE = YES;
				CLANG_WARN_UNREACHABLE_CODE = YES;
				CLANG_WARN__DUPLICATE_METHOD_MATCH = YES;
				"CODE_SIGN_IDENTITY[sdk=iphoneos*]" = "iPhone Developer";
				COPY_PHASE_STRIP = NO;
				DEBUG_INFORMATION_FORMAT = dwarf;
				ENABLE_STRICT_OBJC_MSGSEND = YES;
				ENABLE_TESTABILITY = YES;
				GCC_C_LANGUAGE_STANDARD = gnu99;
				GCC_DYNAMIC_NO_PIC = NO;
				GCC_NO_COMMON_BLOCKS = YES;
				GCC_OPTIMIZATION_LEVEL = 0;
				GCC_PREPROCESSOR_DEFINITIONS = (
					"DEBUG=1",
					"$(inherited)",
				);
				GCC_WARN_64_TO_32_BIT_CONVERSION = YES;
				GCC_WARN_ABOUT_RETURN_TYPE = YES_ERROR;
				GCC_WARN_UNDECLARED_SELECTOR = YES;
				GCC_WARN_UNINITIALIZED_AUTOS = YES_AGGRESSIVE;
				GCC_WARN_UNUSED_FUNCTION = YES;
				GCC_WARN_UNUSED_VARIABLE = YES;
				IPHONEOS_DEPLOYMENT_TARGET = 10.2;
				MTL_ENABLE_DEBUG_INFO = YES;
				ONLY_ACTIVE_ARCH = YES;
				SDKROOT = iphoneos;
				SWIFT_ACTIVE_COMPILATION_CONDITIONS = DEBUG;
				SWIFT_OPTIMIZATION_LEVEL = "-Onone";
			};
			name = Debug;
		};
		1DB7FA211E51C67F009CDF58 /* Release */ = {
			isa = XCBuildConfiguration;
			buildSettings = {
				ALWAYS_SEARCH_USER_PATHS = NO;
				CLANG_ANALYZER_NONNULL = YES;
				CLANG_CXX_LANGUAGE_STANDARD = "gnu++0x";
				CLANG_CXX_LIBRARY = "libc++";
				CLANG_ENABLE_MODULES = YES;
				CLANG_ENABLE_OBJC_ARC = YES;
				CLANG_WARN_BOOL_CONVERSION = YES;
				CLANG_WARN_CONSTANT_CONVERSION = YES;
				CLANG_WARN_DIRECT_OBJC_ISA_USAGE = YES_ERROR;
				CLANG_WARN_DOCUMENTATION_COMMENTS = YES;
				CLANG_WARN_EMPTY_BODY = YES;
				CLANG_WARN_ENUM_CONVERSION = YES;
				CLANG_WARN_INFINITE_RECURSION = YES;
				CLANG_WARN_INT_CONVERSION = YES;
				CLANG_WARN_OBJC_ROOT_CLASS = YES_ERROR;
				CLANG_WARN_SUSPICIOUS_MOVE = YES;
				CLANG_WARN_UNREACHABLE_CODE = YES;
				CLANG_WARN__DUPLICATE_METHOD_MATCH = YES;
				"CODE_SIGN_IDENTITY[sdk=iphoneos*]" = "iPhone Developer";
				COPY_PHASE_STRIP = NO;
				DEBUG_INFORMATION_FORMAT = "dwarf-with-dsym";
				ENABLE_NS_ASSERTIONS = NO;
				ENABLE_STRICT_OBJC_MSGSEND = YES;
				GCC_C_LANGUAGE_STANDARD = gnu99;
				GCC_NO_COMMON_BLOCKS = YES;
				GCC_WARN_64_TO_32_BIT_CONVERSION = YES;
				GCC_WARN_ABOUT_RETURN_TYPE = YES_ERROR;
				GCC_WARN_UNDECLARED_SELECTOR = YES;
				GCC_WARN_UNINITIALIZED_AUTOS = YES_AGGRESSIVE;
				GCC_WARN_UNUSED_FUNCTION = YES;
				GCC_WARN_UNUSED_VARIABLE = YES;
				IPHONEOS_DEPLOYMENT_TARGET = 10.2;
				MTL_ENABLE_DEBUG_INFO = NO;
				SDKROOT = iphoneos;
				SWIFT_OPTIMIZATION_LEVEL = "-Owholemodule";
				VALIDATE_PRODUCT = YES;
			};
			name = Release;
		};
		1DB7FA231E51C67F009CDF58 /* Debug */ = {
			isa = XCBuildConfiguration;
			baseConfigurationReference = 66D5B17EFCEE6676A7E5D153 /* Pods-whatsappTask.debug.xcconfig */;
			buildSettings = {
				ASSETCATALOG_COMPILER_APPICON_NAME = AppIcon;
				INFOPLIST_FILE = whatsappTask/Info.plist;
				LD_RUNPATH_SEARCH_PATHS = "$(inherited) @executable_path/Frameworks";
				PRODUCT_BUNDLE_IDENTIFIER = codebrew.whatsappTask;
				PRODUCT_NAME = "$(TARGET_NAME)";
				SWIFT_VERSION = 3.0;
			};
			name = Debug;
		};
		1DB7FA241E51C67F009CDF58 /* Release */ = {
			isa = XCBuildConfiguration;
			baseConfigurationReference = CC05645ED8B3AD1D5C1D6328 /* Pods-whatsappTask.release.xcconfig */;
			buildSettings = {
				ASSETCATALOG_COMPILER_APPICON_NAME = AppIcon;
				INFOPLIST_FILE = whatsappTask/Info.plist;
				LD_RUNPATH_SEARCH_PATHS = "$(inherited) @executable_path/Frameworks";
				PRODUCT_BUNDLE_IDENTIFIER = codebrew.whatsappTask;
				PRODUCT_NAME = "$(TARGET_NAME)";
				SWIFT_VERSION = 3.0;
			};
			name = Release;
		};
/* End XCBuildConfiguration section */

/* Begin XCConfigurationList section */
		1DB7FA081E51C67F009CDF58 /* Build configuration list for PBXProject "whatsappTask" */ = {
			isa = XCConfigurationList;
			buildConfigurations = (
				1DB7FA201E51C67F009CDF58 /* Debug */,
				1DB7FA211E51C67F009CDF58 /* Release */,
			);
			defaultConfigurationIsVisible = 0;
			defaultConfigurationName = Release;
		};
		1DB7FA221E51C67F009CDF58 /* Build configuration list for PBXNativeTarget "whatsappTask" */ = {
			isa = XCConfigurationList;
			buildConfigurations = (
				1DB7FA231E51C67F009CDF58 /* Debug */,
				1DB7FA241E51C67F009CDF58 /* Release */,
			);
			defaultConfigurationIsVisible = 0;
			defaultConfigurationName = Release;
		};
/* End XCConfigurationList section */

/* Begin XCVersionGroup section */
		1DB7FA171E51C67F009CDF58 /* whatsappTask.xcdatamodeld */ = {
			isa = XCVersionGroup;
			children = (
				1DB7FA181E51C67F009CDF58 /* whatsappTask.xcdatamodel */,
			);
			currentVersion = 1DB7FA181E51C67F009CDF58 /* whatsappTask.xcdatamodel */;
			path = whatsappTask.xcdatamodeld;
			sourceTree = "<group>";
			versionGroupType = wrapper.xcdatamodel;
		};
/* End XCVersionGroup section */
	};
	rootObject = 1DB7FA051E51C67F009CDF58 /* Project object */;
}
